// !$*UTF8*$!
{
	archiveVersion = 1;
	classes = {
	};
	objectVersion = 56;
	objects = {

/* Begin PBXBuildFile section */
		445EC2EF2A9FD8D900086EC1 /* ChoreController.swift in Sources */ = {isa = PBXBuildFile; fileRef = 445EC2EE2A9FD8D900086EC1 /* ChoreController.swift */; };
		445EC2F12A9FD93900086EC1 /* Item.swift in Sources */ = {isa = PBXBuildFile; fileRef = 445EC2F02A9FD93900086EC1 /* Item.swift */; };
		445EC2F32A9FD9F800086EC1 /* Honey.swift in Sources */ = {isa = PBXBuildFile; fileRef = 445EC2F22A9FD9F800086EC1 /* Honey.swift */; };
		445EC2F52A9FDC8400086EC1 /* ItemController.swift in Sources */ = {isa = PBXBuildFile; fileRef = 445EC2F42A9FDC8400086EC1 /* ItemController.swift */; };
		445EC2F72A9FDE5100086EC1 /* HoneyListTableViewController.swift in Sources */ = {isa = PBXBuildFile; fileRef = 445EC2F62A9FDE5100086EC1 /* HoneyListTableViewController.swift */; };
		445EC2F92A9FDE8600086EC1 /* HoneyListTableViewCell.swift in Sources */ = {isa = PBXBuildFile; fileRef = 445EC2F82A9FDE8600086EC1 /* HoneyListTableViewCell.swift */; };
		445EC2FB2A9FE3E100086EC1 /* HoneyDetailTableViewController.swift in Sources */ = {isa = PBXBuildFile; fileRef = 445EC2FA2A9FE3E100086EC1 /* HoneyDetailTableViewController.swift */; };
		445EC2FD2A9FE3F100086EC1 /* HoneyDetailTableViewCell.swift in Sources */ = {isa = PBXBuildFile; fileRef = 445EC2FC2A9FE3F100086EC1 /* HoneyDetailTableViewCell.swift */; };
		44FA4E242A3287B600061F12 /* AppDelegate.swift in Sources */ = {isa = PBXBuildFile; fileRef = 44FA4E232A3287B600061F12 /* AppDelegate.swift */; };
		44FA4E262A3287B600061F12 /* SceneDelegate.swift in Sources */ = {isa = PBXBuildFile; fileRef = 44FA4E252A3287B600061F12 /* SceneDelegate.swift */; };
		44FA4E2B2A3287B600061F12 /* Main.storyboard in Resources */ = {isa = PBXBuildFile; fileRef = 44FA4E292A3287B600061F12 /* Main.storyboard */; };
		44FA4E2D2A3287B800061F12 /* Assets.xcassets in Resources */ = {isa = PBXBuildFile; fileRef = 44FA4E2C2A3287B800061F12 /* Assets.xcassets */; };
		44FA4E302A3287B800061F12 /* LaunchScreen.storyboard in Resources */ = {isa = PBXBuildFile; fileRef = 44FA4E2E2A3287B800061F12 /* LaunchScreen.storyboard */; };
		44FA4E3A2A32883800061F12 /* Constants.swift in Sources */ = {isa = PBXBuildFile; fileRef = 44FA4E392A32883800061F12 /* Constants.swift */; };
/* End PBXBuildFile section */

/* Begin PBXFileReference section */
		445EC2EE2A9FD8D900086EC1 /* ChoreController.swift */ = {isa = PBXFileReference; lastKnownFileType = sourcecode.swift; path = ChoreController.swift; sourceTree = "<group>"; };
		445EC2F02A9FD93900086EC1 /* Item.swift */ = {isa = PBXFileReference; lastKnownFileType = sourcecode.swift; path = Item.swift; sourceTree = "<group>"; };
		445EC2F22A9FD9F800086EC1 /* Honey.swift */ = {isa = PBXFileReference; lastKnownFileType = sourcecode.swift; path = Honey.swift; sourceTree = "<group>"; };
		445EC2F42A9FDC8400086EC1 /* ItemController.swift */ = {isa = PBXFileReference; lastKnownFileType = sourcecode.swift; path = ItemController.swift; sourceTree = "<group>"; };
		445EC2F62A9FDE5100086EC1 /* HoneyListTableViewController.swift */ = {isa = PBXFileReference; lastKnownFileType = sourcecode.swift; path = HoneyListTableViewController.swift; sourceTree = "<group>"; };
		445EC2F82A9FDE8600086EC1 /* HoneyListTableViewCell.swift */ = {isa = PBXFileReference; lastKnownFileType = sourcecode.swift; path = HoneyListTableViewCell.swift; sourceTree = "<group>"; };
		445EC2FA2A9FE3E100086EC1 /* HoneyDetailTableViewController.swift */ = {isa = PBXFileReference; lastKnownFileType = sourcecode.swift; path = HoneyDetailTableViewController.swift; sourceTree = "<group>"; };
		445EC2FC2A9FE3F100086EC1 /* HoneyDetailTableViewCell.swift */ = {isa = PBXFileReference; lastKnownFileType = sourcecode.swift; path = HoneyDetailTableViewCell.swift; sourceTree = "<group>"; };
		44FA4E202A3287B600061F12 /* Assessment3.app */ = {isa = PBXFileReference; explicitFileType = wrapper.application; includeInIndex = 0; path = Assessment3.app; sourceTree = BUILT_PRODUCTS_DIR; };
		44FA4E232A3287B600061F12 /* AppDelegate.swift */ = {isa = PBXFileReference; lastKnownFileType = sourcecode.swift; path = AppDelegate.swift; sourceTree = "<group>"; };
		44FA4E252A3287B600061F12 /* SceneDelegate.swift */ = {isa = PBXFileReference; lastKnownFileType = sourcecode.swift; path = SceneDelegate.swift; sourceTree = "<group>"; };
		44FA4E2A2A3287B600061F12 /* Base */ = {isa = PBXFileReference; lastKnownFileType = file.storyboard; name = Base; path = Base.lproj/Main.storyboard; sourceTree = "<group>"; };
		44FA4E2C2A3287B800061F12 /* Assets.xcassets */ = {isa = PBXFileReference; lastKnownFileType = folder.assetcatalog; path = Assets.xcassets; sourceTree = "<group>"; };
		44FA4E2F2A3287B800061F12 /* Base */ = {isa = PBXFileReference; lastKnownFileType = file.storyboard; name = Base; path = Base.lproj/LaunchScreen.storyboard; sourceTree = "<group>"; };
		44FA4E312A3287B800061F12 /* Info.plist */ = {isa = PBXFileReference; lastKnownFileType = text.plist.xml; path = Info.plist; sourceTree = "<group>"; };
		44FA4E392A32883800061F12 /* Constants.swift */ = {isa = PBXFileReference; lastKnownFileType = sourcecode.swift; path = Constants.swift; sourceTree = "<group>"; };
/* End PBXFileReference section */

/* Begin PBXFrameworksBuildPhase section */
		44FA4E1D2A3287B600061F12 /* Frameworks */ = {
			isa = PBXFrameworksBuildPhase;
			buildActionMask = 2147483647;
			files = (
			);
			runOnlyForDeploymentPostprocessing = 0;
		};
/* End PBXFrameworksBuildPhase section */

/* Begin PBXGroup section */
		441F90D42A982BF5006E209E /* HoneyList */ = {
			isa = PBXGroup;
			children = (
				445EC2F62A9FDE5100086EC1 /* HoneyListTableViewController.swift */,
				445EC2F82A9FDE8600086EC1 /* HoneyListTableViewCell.swift */,
			);
			path = HoneyList;
			sourceTree = "<group>";
		};
		441F90D52A982C05006E209E /* HoneyDetail */ = {
			isa = PBXGroup;
			children = (
				445EC2FA2A9FE3E100086EC1 /* HoneyDetailTableViewController.swift */,
				445EC2FC2A9FE3F100086EC1 /* HoneyDetailTableViewCell.swift */,
			);
			path = HoneyDetail;
			sourceTree = "<group>";
		};
		44FA4E172A3287B600061F12 = {
			isa = PBXGroup;
			children = (
				44FA4E222A3287B600061F12 /* Assessment3 */,
				44FA4E212A3287B600061F12 /* Products */,
			);
			sourceTree = "<group>";
		};
		44FA4E212A3287B600061F12 /* Products */ = {
			isa = PBXGroup;
			children = (
				44FA4E202A3287B600061F12 /* Assessment3.app */,
			);
			name = Products;
			sourceTree = "<group>";
		};
		44FA4E222A3287B600061F12 /* Assessment3 */ = {
			isa = PBXGroup;
			children = (
				44FA4E3C2A32885600061F12 /* Controllers */,
				44FA4E3B2A32885200061F12 /* Models */,
				44FA4E382A32882A00061F12 /* Storyboards */,
				44FA4E372A32880700061F12 /* SupportingFiles */,
			);
			path = Assessment3;
			sourceTree = "<group>";
		};
		44FA4E372A32880700061F12 /* SupportingFiles */ = {
			isa = PBXGroup;
			children = (
				44FA4E392A32883800061F12 /* Constants.swift */,
				44FA4E2C2A3287B800061F12 /* Assets.xcassets */,
				44FA4E312A3287B800061F12 /* Info.plist */,
				44FA4E232A3287B600061F12 /* AppDelegate.swift */,
				44FA4E252A3287B600061F12 /* SceneDelegate.swift */,
			);
			path = SupportingFiles;
			sourceTree = "<group>";
		};
		44FA4E382A32882A00061F12 /* Storyboards */ = {
			isa = PBXGroup;
			children = (
				44FA4E292A3287B600061F12 /* Main.storyboard */,
				44FA4E2E2A3287B800061F12 /* LaunchScreen.storyboard */,
			);
			path = Storyboards;
			sourceTree = "<group>";
		};
		44FA4E3B2A32885200061F12 /* Models */ = {
			isa = PBXGroup;
			children = (
				445EC2F02A9FD93900086EC1 /* Item.swift */,
				445EC2F22A9FD9F800086EC1 /* Honey.swift */,
			);
			path = Models;
			sourceTree = "<group>";
		};
		44FA4E3C2A32885600061F12 /* Controllers */ = {
			isa = PBXGroup;
			children = (
				44FA4E3E2A32886300061F12 /* ViewControllers */,
				44FA4E3D2A32885A00061F12 /* ModelControllers */,
			);
			path = Controllers;
			sourceTree = "<group>";
		};
		44FA4E3D2A32885A00061F12 /* ModelControllers */ = {
			isa = PBXGroup;
			children = (
				445EC2EE2A9FD8D900086EC1 /* ChoreController.swift */,
				445EC2F42A9FDC8400086EC1 /* ItemController.swift */,
			);
			path = ModelControllers;
			sourceTree = "<group>";
		};
		44FA4E3E2A32886300061F12 /* ViewControllers */ = {
			isa = PBXGroup;
			children = (
				441F90D42A982BF5006E209E /* HoneyList */,
				441F90D52A982C05006E209E /* HoneyDetail */,
			);
			path = ViewControllers;
			sourceTree = "<group>";
		};
/* End PBXGroup section */

/* Begin PBXNativeTarget section */
		44FA4E1F2A3287B600061F12 /* Assessment3 */ = {
			isa = PBXNativeTarget;
			buildConfigurationList = 44FA4E342A3287B800061F12 /* Build configuration list for PBXNativeTarget "Assessment3" */;
			buildPhases = (
				44FA4E1C2A3287B600061F12 /* Sources */,
				44FA4E1D2A3287B600061F12 /* Frameworks */,
				44FA4E1E2A3287B600061F12 /* Resources */,
			);
			buildRules = (
			);
			dependencies = (
			);
			name = Assessment3;
			productName = Assessment3;
			productReference = 44FA4E202A3287B600061F12 /* Assessment3.app */;
			productType = "com.apple.product-type.application";
		};
/* End PBXNativeTarget section */

/* Begin PBXProject section */
		44FA4E182A3287B600061F12 /* Project object */ = {
			isa = PBXProject;
			attributes = {
				BuildIndependentTargetsInParallel = 1;
				LastSwiftUpdateCheck = 1420;
				LastUpgradeCheck = 1420;
				TargetAttributes = {
					44FA4E1F2A3287B600061F12 = {
						CreatedOnToolsVersion = 14.2;
					};
				};
			};
			buildConfigurationList = 44FA4E1B2A3287B600061F12 /* Build configuration list for PBXProject "Assessment3" */;
			compatibilityVersion = "Xcode 14.0";
			developmentRegion = en;
			hasScannedForEncodings = 0;
			knownRegions = (
				en,
				Base,
			);
			mainGroup = 44FA4E172A3287B600061F12;
			productRefGroup = 44FA4E212A3287B600061F12 /* Products */;
			projectDirPath = "";
			projectRoot = "";
			targets = (
				44FA4E1F2A3287B600061F12 /* Assessment3 */,
			);
		};
/* End PBXProject section */

/* Begin PBXResourcesBuildPhase section */
		44FA4E1E2A3287B600061F12 /* Resources */ = {
			isa = PBXResourcesBuildPhase;
			buildActionMask = 2147483647;
			files = (
				44FA4E302A3287B800061F12 /* LaunchScreen.storyboard in Resources */,
				44FA4E2D2A3287B800061F12 /* Assets.xcassets in Resources */,
				44FA4E2B2A3287B600061F12 /* Main.storyboard in Resources */,
			);
			runOnlyForDeploymentPostprocessing = 0;
		};
/* End PBXResourcesBuildPhase section */

/* Begin PBXSourcesBuildPhase section */
		44FA4E1C2A3287B600061F12 /* Sources */ = {
			isa = PBXSourcesBuildPhase;
			buildActionMask = 2147483647;
			files = (
				445EC2F12A9FD93900086EC1 /* Item.swift in Sources */,
				445EC2F52A9FDC8400086EC1 /* ItemController.swift in Sources */,
				445EC2F32A9FD9F800086EC1 /* Honey.swift in Sources */,
				44FA4E242A3287B600061F12 /* AppDelegate.swift in Sources */,
				445EC2EF2A9FD8D900086EC1 /* ChoreController.swift in Sources */,
				44FA4E262A3287B600061F12 /* SceneDelegate.swift in Sources */,
				44FA4E3A2A32883800061F12 /* Constants.swift in Sources */,
				445EC2F72A9FDE5100086EC1 /* HoneyListTableViewController.swift in Sources */,
				445EC2FD2A9FE3F100086EC1 /* HoneyDetailTableViewCell.swift in Sources */,
				445EC2FB2A9FE3E100086EC1 /* HoneyDetailTableViewController.swift in Sources */,
				445EC2F92A9FDE8600086EC1 /* HoneyListTableViewCell.swift in Sources */,
			);
			runOnlyForDeploymentPostprocessing = 0;
		};
/* End PBXSourcesBuildPhase section */

/* Begin PBXVariantGroup section */
		44FA4E292A3287B600061F12 /* Main.storyboard */ = {
			isa = PBXVariantGroup;
			children = (
				44FA4E2A2A3287B600061F12 /* Base */,
			);
			name = Main.storyboard;
			sourceTree = "<group>";
		};
		44FA4E2E2A3287B800061F12 /* LaunchScreen.storyboard */ = {
			isa = PBXVariantGroup;
			children = (
				44FA4E2F2A3287B800061F12 /* Base */,
			);
			name = LaunchScreen.storyboard;
			sourceTree = "<group>";
		};
/* End PBXVariantGroup section */

/* Begin XCBuildConfiguration section */
		44FA4E322A3287B800061F12 /* Debug */ = {
			isa = XCBuildConfiguration;
			buildSettings = {
				ALWAYS_SEARCH_USER_PATHS = NO;
				CLANG_ANALYZER_NONNULL = YES;
				CLANG_ANALYZER_NUMBER_OBJECT_CONVERSION = YES_AGGRESSIVE;
				CLANG_CXX_LANGUAGE_STANDARD = "gnu++20";
				CLANG_ENABLE_MODULES = YES;
				CLANG_ENABLE_OBJC_ARC = YES;
				CLANG_ENABLE_OBJC_WEAK = YES;
				CLANG_WARN_BLOCK_CAPTURE_AUTORELEASING = YES;
				CLANG_WARN_BOOL_CONVERSION = YES;
				CLANG_WARN_COMMA = YES;
				CLANG_WARN_CONSTANT_CONVERSION = YES;
				CLANG_WARN_DEPRECATED_OBJC_IMPLEMENTATIONS = YES;
				CLANG_WARN_DIRECT_OBJC_ISA_USAGE = YES_ERROR;
				CLANG_WARN_DOCUMENTATION_COMMENTS = YES;
				CLANG_WARN_EMPTY_BODY = YES;
				CLANG_WARN_ENUM_CONVERSION = YES;
				CLANG_WARN_INFINITE_RECURSION = YES;
				CLANG_WARN_INT_CONVERSION = YES;
				CLANG_WARN_NON_LITERAL_NULL_CONVERSION = YES;
				CLANG_WARN_OBJC_IMPLICIT_RETAIN_SELF = YES;
				CLANG_WARN_OBJC_LITERAL_CONVERSION = YES;
				CLANG_WARN_OBJC_ROOT_CLASS = YES_ERROR;
				CLANG_WARN_QUOTED_INCLUDE_IN_FRAMEWORK_HEADER = YES;
				CLANG_WARN_RANGE_LOOP_ANALYSIS = YES;
				CLANG_WARN_STRICT_PROTOTYPES = YES;
				CLANG_WARN_SUSPICIOUS_MOVE = YES;
				CLANG_WARN_UNGUARDED_AVAILABILITY = YES_AGGRESSIVE;
				CLANG_WARN_UNREACHABLE_CODE = YES;
				CLANG_WARN__DUPLICATE_METHOD_MATCH = YES;
				COPY_PHASE_STRIP = NO;
				DEBUG_INFORMATION_FORMAT = dwarf;
				ENABLE_STRICT_OBJC_MSGSEND = YES;
				ENABLE_TESTABILITY = YES;
				GCC_C_LANGUAGE_STANDARD = gnu11;
				GCC_DYNAMIC_NO_PIC = NO;
				GCC_NO_COMMON_BLOCKS = YES;
				GCC_OPTIMIZATION_LEVEL = 0;
				GCC_PREPROCESSOR_DEFINITIONS = (
					"DEBUG=1",
					"$(inherited)",
				);
				GCC_WARN_64_TO_32_BIT_CONVERSION = YES;
				GCC_WARN_ABOUT_RETURN_TYPE = YES_ERROR;
				GCC_WARN_UNDECLARED_SELECTOR = YES;
				GCC_WARN_UNINITIALIZED_AUTOS = YES_AGGRESSIVE;
				GCC_WARN_UNUSED_FUNCTION = YES;
				GCC_WARN_UNUSED_VARIABLE = YES;
				IPHONEOS_DEPLOYMENT_TARGET = 16.2;
				MTL_ENABLE_DEBUG_INFO = INCLUDE_SOURCE;
				MTL_FAST_MATH = YES;
				ONLY_ACTIVE_ARCH = YES;
				SDKROOT = iphoneos;
				SWIFT_ACTIVE_COMPILATION_CONDITIONS = DEBUG;
				SWIFT_OPTIMIZATION_LEVEL = "-Onone";
			};
			name = Debug;
		};
		44FA4E332A3287B800061F12 /* Release */ = {
			isa = XCBuildConfiguration;
			buildSettings = {
				ALWAYS_SEARCH_USER_PATHS = NO;
				CLANG_ANALYZER_NONNULL = YES;
				CLANG_ANALYZER_NUMBER_OBJECT_CONVERSION = YES_AGGRESSIVE;
				CLANG_CXX_LANGUAGE_STANDARD = "gnu++20";
				CLANG_ENABLE_MODULES = YES;
				CLANG_ENABLE_OBJC_ARC = YES;
				CLANG_ENABLE_OBJC_WEAK = YES;
				CLANG_WARN_BLOCK_CAPTURE_AUTORELEASING = YES;
				CLANG_WARN_BOOL_CONVERSION = YES;
				CLANG_WARN_COMMA = YES;
				CLANG_WARN_CONSTANT_CONVERSION = YES;
				CLANG_WARN_DEPRECATED_OBJC_IMPLEMENTATIONS = YES;
				CLANG_WARN_DIRECT_OBJC_ISA_USAGE = YES_ERROR;
				CLANG_WARN_DOCUMENTATION_COMMENTS = YES;
				CLANG_WARN_EMPTY_BODY = YES;
				CLANG_WARN_ENUM_CONVERSION = YES;
				CLANG_WARN_INFINITE_RECURSION = YES;
				CLANG_WARN_INT_CONVERSION = YES;
				CLANG_WARN_NON_LITERAL_NULL_CONVERSION = YES;
				CLANG_WARN_OBJC_IMPLICIT_RETAIN_SELF = YES;
				CLANG_WARN_OBJC_LITERAL_CONVERSION = YES;
				CLANG_WARN_OBJC_ROOT_CLASS = YES_ERROR;
				CLANG_WARN_QUOTED_INCLUDE_IN_FRAMEWORK_HEADER = YES;
				CLANG_WARN_RANGE_LOOP_ANALYSIS = YES;
				CLANG_WARN_STRICT_PROTOTYPES = YES;
				CLANG_WARN_SUSPICIOUS_MOVE = YES;
				CLANG_WARN_UNGUARDED_AVAILABILITY = YES_AGGRESSIVE;
				CLANG_WARN_UNREACHABLE_CODE = YES;
				CLANG_WARN__DUPLICATE_METHOD_MATCH = YES;
				COPY_PHASE_STRIP = NO;
				DEBUG_INFORMATION_FORMAT = "dwarf-with-dsym";
				ENABLE_NS_ASSERTIONS = NO;
				ENABLE_STRICT_OBJC_MSGSEND = YES;
				GCC_C_LANGUAGE_STANDARD = gnu11;
				GCC_NO_COMMON_BLOCKS = YES;
				GCC_WARN_64_TO_32_BIT_CONVERSION = YES;
				GCC_WARN_ABOUT_RETURN_TYPE = YES_ERROR;
				GCC_WARN_UNDECLARED_SELECTOR = YES;
				GCC_WARN_UNINITIALIZED_AUTOS = YES_AGGRESSIVE;
				GCC_WARN_UNUSED_FUNCTION = YES;
				GCC_WARN_UNUSED_VARIABLE = YES;
				IPHONEOS_DEPLOYMENT_TARGET = 16.2;
				MTL_ENABLE_DEBUG_INFO = NO;
				MTL_FAST_MATH = YES;
				SDKROOT = iphoneos;
				SWIFT_COMPILATION_MODE = wholemodule;
				SWIFT_OPTIMIZATION_LEVEL = "-O";
				VALIDATE_PRODUCT = YES;
			};
			name = Release;
		};
		44FA4E352A3287B800061F12 /* Debug */ = {
			isa = XCBuildConfiguration;
			buildSettings = {
				ASSETCATALOG_COMPILER_APPICON_NAME = AppIcon;
				ASSETCATALOG_COMPILER_GLOBAL_ACCENT_COLOR_NAME = AccentColor;
				CODE_SIGN_STYLE = Automatic;
				CURRENT_PROJECT_VERSION = 1;
				GENERATE_INFOPLIST_FILE = YES;
				INFOPLIST_FILE = Assessment3/SupportingFiles/Info.plist;
				INFOPLIST_KEY_UIApplicationSupportsIndirectInputEvents = YES;
				INFOPLIST_KEY_UILaunchStoryboardName = LaunchScreen;
				INFOPLIST_KEY_UIMainStoryboardFile = Main;
				INFOPLIST_KEY_UISupportedInterfaceOrientations_iPad = "UIInterfaceOrientationPortrait UIInterfaceOrientationPortraitUpsideDown UIInterfaceOrientationLandscapeLeft UIInterfaceOrientationLandscapeRight";
				INFOPLIST_KEY_UISupportedInterfaceOrientations_iPhone = "UIInterfaceOrientationPortrait UIInterfaceOrientationLandscapeLeft UIInterfaceOrientationLandscapeRight";
				LD_RUNPATH_SEARCH_PATHS = (
					"$(inherited)",
					"@executable_path/Frameworks",
				);
				MARKETING_VERSION = 1.0;
				PRODUCT_BUNDLE_IDENTIFIER = ColtonCodes.Assessment3;
				PRODUCT_NAME = "$(TARGET_NAME)";
				SWIFT_EMIT_LOC_STRINGS = YES;
				SWIFT_VERSION = 5.0;
				TARGETED_DEVICE_FAMILY = "1,2";
			};
			name = Debug;
		};
		44FA4E362A3287B800061F12 /* Release */ = {
			isa = XCBuildConfiguration;
			buildSettings = {
				ASSETCATALOG_COMPILER_APPICON_NAME = AppIcon;
				ASSETCATALOG_COMPILER_GLOBAL_ACCENT_COLOR_NAME = AccentColor;
				CODE_SIGN_STYLE = Automatic;
				CURRENT_PROJECT_VERSION = 1;
				GENERATE_INFOPLIST_FILE = YES;
				INFOPLIST_FILE = Assessment3/SupportingFiles/Info.plist;
				INFOPLIST_KEY_UIApplicationSupportsIndirectInputEvents = YES;
				INFOPLIST_KEY_UILaunchStoryboardName = LaunchScreen;
				INFOPLIST_KEY_UIMainStoryboardFile = Main;
				INFOPLIST_KEY_UISupportedInterfaceOrientations_iPad = "UIInterfaceOrientationPortrait UIInterfaceOrientationPortraitUpsideDown UIInterfaceOrientationLandscapeLeft UIInterfaceOrientationLandscapeRight";
				INFOPLIST_KEY_UISupportedInterfaceOrientations_iPhone = "UIInterfaceOrientationPortrait UIInterfaceOrientationLandscapeLeft UIInterfaceOrientationLandscapeRight";
				LD_RUNPATH_SEARCH_PATHS = (
					"$(inherited)",
					"@executable_path/Frameworks",
				);
				MARKETING_VERSION = 1.0;
				PRODUCT_BUNDLE_IDENTIFIER = ColtonCodes.Assessment3;
				PRODUCT_NAME = "$(TARGET_NAME)";
				SWIFT_EMIT_LOC_STRINGS = YES;
				SWIFT_VERSION = 5.0;
				TARGETED_DEVICE_FAMILY = "1,2";
			};
			name = Release;
		};
/* End XCBuildConfiguration section */

/* Begin XCConfigurationList section */
		44FA4E1B2A3287B600061F12 /* Build configuration list for PBXProject "Assessment3" */ = {
			isa = XCConfigurationList;
			buildConfigurations = (
				44FA4E322A3287B800061F12 /* Debug */,
				44FA4E332A3287B800061F12 /* Release */,
			);
			defaultConfigurationIsVisible = 0;
			defaultConfigurationName = Release;
		};
		44FA4E342A3287B800061F12 /* Build configuration list for PBXNativeTarget "Assessment3" */ = {
			isa = XCConfigurationList;
			buildConfigurations = (
				44FA4E352A3287B800061F12 /* Debug */,
				44FA4E362A3287B800061F12 /* Release */,
			);
			defaultConfigurationIsVisible = 0;
			defaultConfigurationName = Release;
		};
/* End XCConfigurationList section */
	};
	rootObject = 44FA4E182A3287B600061F12 /* Project object */;
}
